// !$*UTF8*$!
{
	archiveVersion = 1;
	classes = {
	};
	objectVersion = 46;
	objects = {

/* Begin PBXBuildFile section */
		4F8D44081E3CF026006141F8 /* AppDelegate.swift in Sources */ = {isa = PBXBuildFile; fileRef = 4F8D44071E3CF026006141F8 /* AppDelegate.swift */; };
		4F8D440A1E3CF026006141F8 /* ViewController.swift in Sources */ = {isa = PBXBuildFile; fileRef = 4F8D44091E3CF026006141F8 /* ViewController.swift */; };
		4F8D440D1E3CF026006141F8 /* Main.storyboard in Resources */ = {isa = PBXBuildFile; fileRef = 4F8D440B1E3CF026006141F8 /* Main.storyboard */; };
		4F8D44101E3CF026006141F8 /* ImageScrollView.xcdatamodeld in Sources */ = {isa = PBXBuildFile; fileRef = 4F8D440E1E3CF026006141F8 /* ImageScrollView.xcdatamodeld */; };
		4F8D44121E3CF026006141F8 /* Assets.xcassets in Resources */ = {isa = PBXBuildFile; fileRef = 4F8D44111E3CF026006141F8 /* Assets.xcassets */; };
		4F8D44151E3CF026006141F8 /* LaunchScreen.storyboard in Resources */ = {isa = PBXBuildFile; fileRef = 4F8D44131E3CF026006141F8 /* LaunchScreen.storyboard */; };
		4F8D44201E3CF026006141F8 /* ImageScrollViewTests.swift in Sources */ = {isa = PBXBuildFile; fileRef = 4F8D441F1E3CF026006141F8 /* ImageScrollViewTests.swift */; };
		4F8D442B1E3CF026006141F8 /* ImageScrollViewUITests.swift in Sources */ = {isa = PBXBuildFile; fileRef = 4F8D442A1E3CF026006141F8 /* ImageScrollViewUITests.swift */; };
/* End PBXBuildFile section */

/* Begin PBXContainerItemProxy section */
		4F8D441C1E3CF026006141F8 /* PBXContainerItemProxy */ = {
			isa = PBXContainerItemProxy;
			containerPortal = 4F8D43FC1E3CF025006141F8 /* Project object */;
			proxyType = 1;
			remoteGlobalIDString = 4F8D44031E3CF025006141F8;
			remoteInfo = ImageScrollView;
		};
		4F8D44271E3CF026006141F8 /* PBXContainerItemProxy */ = {
			isa = PBXContainerItemProxy;
			containerPortal = 4F8D43FC1E3CF025006141F8 /* Project object */;
			proxyType = 1;
			remoteGlobalIDString = 4F8D44031E3CF025006141F8;
			remoteInfo = ImageScrollView;
		};
/* End PBXContainerItemProxy section */

/* Begin PBXFileReference section */
		4F8D44041E3CF025006141F8 /* ImageScrollView.app */ = {isa = PBXFileReference; explicitFileType = wrapper.application; includeInIndex = 0; path = ImageScrollView.app; sourceTree = BUILT_PRODUCTS_DIR; };
		4F8D44071E3CF026006141F8 /* AppDelegate.swift */ = {isa = PBXFileReference; lastKnownFileType = sourcecode.swift; path = AppDelegate.swift; sourceTree = "<group>"; };
		4F8D44091E3CF026006141F8 /* ViewController.swift */ = {isa = PBXFileReference; lastKnownFileType = sourcecode.swift; path = ViewController.swift; sourceTree = "<group>"; };
		4F8D440C1E3CF026006141F8 /* Base */ = {isa = PBXFileReference; lastKnownFileType = file.storyboard; name = Base; path = Base.lproj/Main.storyboard; sourceTree = "<group>"; };
		4F8D440F1E3CF026006141F8 /* ImageScrollView.xcdatamodel */ = {isa = PBXFileReference; lastKnownFileType = wrapper.xcdatamodel; path = ImageScrollView.xcdatamodel; sourceTree = "<group>"; };
		4F8D44111E3CF026006141F8 /* Assets.xcassets */ = {isa = PBXFileReference; lastKnownFileType = folder.assetcatalog; path = Assets.xcassets; sourceTree = "<group>"; };
		4F8D44141E3CF026006141F8 /* Base */ = {isa = PBXFileReference; lastKnownFileType = file.storyboard; name = Base; path = Base.lproj/LaunchScreen.storyboard; sourceTree = "<group>"; };
		4F8D44161E3CF026006141F8 /* Info.plist */ = {isa = PBXFileReference; lastKnownFileType = text.plist.xml; path = Info.plist; sourceTree = "<group>"; };
		4F8D441B1E3CF026006141F8 /* ImageScrollViewTests.xctest */ = {isa = PBXFileReference; explicitFileType = wrapper.cfbundle; includeInIndex = 0; path = ImageScrollViewTests.xctest; sourceTree = BUILT_PRODUCTS_DIR; };
		4F8D441F1E3CF026006141F8 /* ImageScrollViewTests.swift */ = {isa = PBXFileReference; lastKnownFileType = sourcecode.swift; path = ImageScrollViewTests.swift; sourceTree = "<group>"; };
		4F8D44211E3CF026006141F8 /* Info.plist */ = {isa = PBXFileReference; lastKnownFileType = text.plist.xml; path = Info.plist; sourceTree = "<group>"; };
		4F8D44261E3CF026006141F8 /* ImageScrollViewUITests.xctest */ = {isa = PBXFileReference; explicitFileType = wrapper.cfbundle; includeInIndex = 0; path = ImageScrollViewUITests.xctest; sourceTree = BUILT_PRODUCTS_DIR; };
		4F8D442A1E3CF026006141F8 /* ImageScrollViewUITests.swift */ = {isa = PBXFileReference; lastKnownFileType = sourcecode.swift; path = ImageScrollViewUITests.swift; sourceTree = "<group>"; };
		4F8D442C1E3CF026006141F8 /* Info.plist */ = {isa = PBXFileReference; lastKnownFileType = text.plist.xml; path = Info.plist; sourceTree = "<group>"; };
/* End PBXFileReference section */

/* Begin PBXFrameworksBuildPhase section */
		4F8D44011E3CF025006141F8 /* Frameworks */ = {
			isa = PBXFrameworksBuildPhase;
			buildActionMask = 2147483647;
			files = (
			);
			runOnlyForDeploymentPostprocessing = 0;
		};
		4F8D44181E3CF026006141F8 /* Frameworks */ = {
			isa = PBXFrameworksBuildPhase;
			buildActionMask = 2147483647;
			files = (
			);
			runOnlyForDeploymentPostprocessing = 0;
		};
		4F8D44231E3CF026006141F8 /* Frameworks */ = {
			isa = PBXFrameworksBuildPhase;
			buildActionMask = 2147483647;
			files = (
			);
			runOnlyForDeploymentPostprocessing = 0;
		};
/* End PBXFrameworksBuildPhase section */

/* Begin PBXGroup section */
		4F8D43FB1E3CF025006141F8 = {
			isa = PBXGroup;
			children = (
				4F8D44061E3CF025006141F8 /* ImageScrollView */,
				4F8D441E1E3CF026006141F8 /* ImageScrollViewTests */,
				4F8D44291E3CF026006141F8 /* ImageScrollViewUITests */,
				4F8D44051E3CF025006141F8 /* Products */,
			);
			sourceTree = "<group>";
		};
		4F8D44051E3CF025006141F8 /* Products */ = {
			isa = PBXGroup;
			children = (
				4F8D44041E3CF025006141F8 /* ImageScrollView.app */,
				4F8D441B1E3CF026006141F8 /* ImageScrollViewTests.xctest */,
				4F8D44261E3CF026006141F8 /* ImageScrollViewUITests.xctest */,
			);
			name = Products;
			sourceTree = "<group>";
		};
		4F8D44061E3CF025006141F8 /* ImageScrollView */ = {
			isa = PBXGroup;
			children = (
				4F8D44071E3CF026006141F8 /* AppDelegate.swift */,
				4F8D44091E3CF026006141F8 /* ViewController.swift */,
				4F8D440B1E3CF026006141F8 /* Main.storyboard */,
				4F8D44111E3CF026006141F8 /* Assets.xcassets */,
				4F8D44131E3CF026006141F8 /* LaunchScreen.storyboard */,
				4F8D44161E3CF026006141F8 /* Info.plist */,
				4F8D440E1E3CF026006141F8 /* ImageScrollView.xcdatamodeld */,
			);
			path = ImageScrollView;
			sourceTree = "<group>";
		};
		4F8D441E1E3CF026006141F8 /* ImageScrollViewTests */ = {
			isa = PBXGroup;
			children = (
				4F8D441F1E3CF026006141F8 /* ImageScrollViewTests.swift */,
				4F8D44211E3CF026006141F8 /* Info.plist */,
			);
			path = ImageScrollViewTests;
			sourceTree = "<group>";
		};
		4F8D44291E3CF026006141F8 /* ImageScrollViewUITests */ = {
			isa = PBXGroup;
			children = (
				4F8D442A1E3CF026006141F8 /* ImageScrollViewUITests.swift */,
				4F8D442C1E3CF026006141F8 /* Info.plist */,
			);
			path = ImageScrollViewUITests;
			sourceTree = "<group>";
		};
/* End PBXGroup section */

/* Begin PBXNativeTarget section */
		4F8D44031E3CF025006141F8 /* ImageScrollView */ = {
			isa = PBXNativeTarget;
			buildConfigurationList = 4F8D442F1E3CF026006141F8 /* Build configuration list for PBXNativeTarget "ImageScrollView" */;
			buildPhases = (
				4F8D44001E3CF025006141F8 /* Sources */,
				4F8D44011E3CF025006141F8 /* Frameworks */,
				4F8D44021E3CF025006141F8 /* Resources */,
			);
			buildRules = (
			);
			dependencies = (
			);
			name = ImageScrollView;
			productName = ImageScrollView;
			productReference = 4F8D44041E3CF025006141F8 /* ImageScrollView.app */;
			productType = "com.apple.product-type.application";
		};
		4F8D441A1E3CF026006141F8 /* ImageScrollViewTests */ = {
			isa = PBXNativeTarget;
			buildConfigurationList = 4F8D44321E3CF026006141F8 /* Build configuration list for PBXNativeTarget "ImageScrollViewTests" */;
			buildPhases = (
				4F8D44171E3CF026006141F8 /* Sources */,
				4F8D44181E3CF026006141F8 /* Frameworks */,
				4F8D44191E3CF026006141F8 /* Resources */,
			);
			buildRules = (
			);
			dependencies = (
				4F8D441D1E3CF026006141F8 /* PBXTargetDependency */,
			);
			name = ImageScrollViewTests;
			productName = ImageScrollViewTests;
			productReference = 4F8D441B1E3CF026006141F8 /* ImageScrollViewTests.xctest */;
			productType = "com.apple.product-type.bundle.unit-test";
		};
		4F8D44251E3CF026006141F8 /* ImageScrollViewUITests */ = {
			isa = PBXNativeTarget;
			buildConfigurationList = 4F8D44351E3CF026006141F8 /* Build configuration list for PBXNativeTarget "ImageScrollViewUITests" */;
			buildPhases = (
				4F8D44221E3CF026006141F8 /* Sources */,
				4F8D44231E3CF026006141F8 /* Frameworks */,
				4F8D44241E3CF026006141F8 /* Resources */,
			);
			buildRules = (
			);
			dependencies = (
				4F8D44281E3CF026006141F8 /* PBXTargetDependency */,
			);
			name = ImageScrollViewUITests;
			productName = ImageScrollViewUITests;
			productReference = 4F8D44261E3CF026006141F8 /* ImageScrollViewUITests.xctest */;
			productType = "com.apple.product-type.bundle.ui-testing";
		};
/* End PBXNativeTarget section */

/* Begin PBXProject section */
		4F8D43FC1E3CF025006141F8 /* Project object */ = {
			isa = PBXProject;
			attributes = {
				LastSwiftUpdateCheck = 0820;
				LastUpgradeCheck = 0820;
				ORGANIZATIONNAME = kN3TT3R;
				TargetAttributes = {
					4F8D44031E3CF025006141F8 = {
						CreatedOnToolsVersion = 8.2.1;
						ProvisioningStyle = Automatic;
					};
					4F8D441A1E3CF026006141F8 = {
						CreatedOnToolsVersion = 8.2.1;
						ProvisioningStyle = Automatic;
						TestTargetID = 4F8D44031E3CF025006141F8;
					};
					4F8D44251E3CF026006141F8 = {
						CreatedOnToolsVersion = 8.2.1;
						ProvisioningStyle = Automatic;
						TestTargetID = 4F8D44031E3CF025006141F8;
					};
				};
			};
			buildConfigurationList = 4F8D43FF1E3CF025006141F8 /* Build configuration list for PBXProject "ImageScrollView" */;
			compatibilityVersion = "Xcode 3.2";
			developmentRegion = English;
			hasScannedForEncodings = 0;
			knownRegions = (
				en,
				Base,
			);
			mainGroup = 4F8D43FB1E3CF025006141F8;
			productRefGroup = 4F8D44051E3CF025006141F8 /* Products */;
			projectDirPath = "";
			projectRoot = "";
			targets = (
				4F8D44031E3CF025006141F8 /* ImageScrollView */,
				4F8D441A1E3CF026006141F8 /* ImageScrollViewTests */,
				4F8D44251E3CF026006141F8 /* ImageScrollViewUITests */,
			);
		};
/* End PBXProject section */

/* Begin PBXResourcesBuildPhase section */
		4F8D44021E3CF025006141F8 /* Resources */ = {
			isa = PBXResourcesBuildPhase;
			buildActionMask = 2147483647;
			files = (
				4F8D44151E3CF026006141F8 /* LaunchScreen.storyboard in Resources */,
				4F8D44121E3CF026006141F8 /* Assets.xcassets in Resources */,
				4F8D440D1E3CF026006141F8 /* Main.storyboard in Resources */,
			);
			runOnlyForDeploymentPostprocessing = 0;
		};
		4F8D44191E3CF026006141F8 /* Resources */ = {
			isa = PBXResourcesBuildPhase;
			buildActionMask = 2147483647;
			files = (
			);
			runOnlyForDeploymentPostprocessing = 0;
		};
		4F8D44241E3CF026006141F8 /* Resources */ = {
			isa = PBXResourcesBuildPhase;
			buildActionMask = 2147483647;
			files = (
			);
			runOnlyForDeploymentPostprocessing = 0;
		};
/* End PBXResourcesBuildPhase section */

/* Begin PBXSourcesBuildPhase section */
		4F8D44001E3CF025006141F8 /* Sources */ = {
			isa = PBXSourcesBuildPhase;
			buildActionMask = 2147483647;
			files = (
				4F8D44101E3CF026006141F8 /* ImageScrollView.xcdatamodeld in Sources */,
				4F8D440A1E3CF026006141F8 /* ViewController.swift in Sources */,
				4F8D44081E3CF026006141F8 /* AppDelegate.swift in Sources */,
			);
			runOnlyForDeploymentPostprocessing = 0;
		};
		4F8D44171E3CF026006141F8 /* Sources */ = {
			isa = PBXSourcesBuildPhase;
			buildActionMask = 2147483647;
			files = (
				4F8D44201E3CF026006141F8 /* ImageScrollViewTests.swift in Sources */,
			);
			runOnlyForDeploymentPostprocessing = 0;
		};
		4F8D44221E3CF026006141F8 /* Sources */ = {
			isa = PBXSourcesBuildPhase;
			buildActionMask = 2147483647;
			files = (
				4F8D442B1E3CF026006141F8 /* ImageScrollViewUITests.swift in Sources */,
			);
			runOnlyForDeploymentPostprocessing = 0;
		};
/* End PBXSourcesBuildPhase section */

/* Begin PBXTargetDependency section */
		4F8D441D1E3CF026006141F8 /* PBXTargetDependency */ = {
			isa = PBXTargetDependency;
			target = 4F8D44031E3CF025006141F8 /* ImageScrollView */;
			targetProxy = 4F8D441C1E3CF026006141F8 /* PBXContainerItemProxy */;
		};
		4F8D44281E3CF026006141F8 /* PBXTargetDependency */ = {
			isa = PBXTargetDependency;
			target = 4F8D44031E3CF025006141F8 /* ImageScrollView */;
			targetProxy = 4F8D44271E3CF026006141F8 /* PBXContainerItemProxy */;
		};
/* End PBXTargetDependency section */

/* Begin PBXVariantGroup section */
		4F8D440B1E3CF026006141F8 /* Main.storyboard */ = {
			isa = PBXVariantGroup;
			children = (
				4F8D440C1E3CF026006141F8 /* Base */,
			);
			name = Main.storyboard;
			sourceTree = "<group>";
		};
		4F8D44131E3CF026006141F8 /* LaunchScreen.storyboard */ = {
			isa = PBXVariantGroup;
			children = (
				4F8D44141E3CF026006141F8 /* Base */,
			);
			name = LaunchScreen.storyboard;
			sourceTree = "<group>";
		};
/* End PBXVariantGroup section */

/* Begin XCBuildConfiguration section */
		4F8D442D1E3CF026006141F8 /* Debug */ = {
			isa = XCBuildConfiguration;
			buildSettings = {
				ALWAYS_SEARCH_USER_PATHS = NO;
				CLANG_ANALYZER_NONNULL = YES;
				CLANG_CXX_LANGUAGE_STANDARD = "gnu++0x";
				CLANG_CXX_LIBRARY = "libc++";
				CLANG_ENABLE_MODULES = YES;
				CLANG_ENABLE_OBJC_ARC = YES;
				CLANG_WARN_BOOL_CONVERSION = YES;
				CLANG_WARN_CONSTANT_CONVERSION = YES;
				CLANG_WARN_DIRECT_OBJC_ISA_USAGE = YES_ERROR;
				CLANG_WARN_DOCUMENTATION_COMMENTS = YES;
				CLANG_WARN_EMPTY_BODY = YES;
				CLANG_WARN_ENUM_CONVERSION = YES;
				CLANG_WARN_INFINITE_RECURSION = YES;
				CLANG_WARN_INT_CONVERSION = YES;
				CLANG_WARN_OBJC_ROOT_CLASS = YES_ERROR;
				CLANG_WARN_SUSPICIOUS_MOVE = YES;
				CLANG_WARN_UNREACHABLE_CODE = YES;
				CLANG_WARN__DUPLICATE_METHOD_MATCH = YES;
				"CODE_SIGN_IDENTITY[sdk=iphoneos*]" = "iPhone Developer";
				COPY_PHASE_STRIP = NO;
				DEBUG_INFORMATION_FORMAT = dwarf;
				ENABLE_STRICT_OBJC_MSGSEND = YES;
				ENABLE_TESTABILITY = YES;
				GCC_C_LANGUAGE_STANDARD = gnu99;
				GCC_DYNAMIC_NO_PIC = NO;
				GCC_NO_COMMON_BLOCKS = YES;
				GCC_OPTIMIZATION_LEVEL = 0;
				GCC_PREPROCESSOR_DEFINITIONS = (
					"DEBUG=1",
					"$(inherited)",
				);
				GCC_WARN_64_TO_32_BIT_CONVERSION = YES;
				GCC_WARN_ABOUT_RETURN_TYPE = YES_ERROR;
				GCC_WARN_UNDECLARED_SELECTOR = YES;
				GCC_WARN_UNINITIALIZED_AUTOS = YES_AGGRESSIVE;
				GCC_WARN_UNUSED_FUNCTION = YES;
				GCC_WARN_UNUSED_VARIABLE = YES;
				IPHONEOS_DEPLOYMENT_TARGET = 10.2;
				MTL_ENABLE_DEBUG_INFO = YES;
				ONLY_ACTIVE_ARCH = YES;
				SDKROOT = iphoneos;
				SWIFT_ACTIVE_COMPILATION_CONDITIONS = DEBUG;
				SWIFT_OPTIMIZATION_LEVEL = "-Onone";
				TARGETED_DEVICE_FAMILY = "1,2";
			};
			name = Debug;
		};
		4F8D442E1E3CF026006141F8 /* Release */ = {
			isa = XCBuildConfiguration;
			buildSettings = {
				ALWAYS_SEARCH_USER_PATHS = NO;
				CLANG_ANALYZER_NONNULL = YES;
				CLANG_CXX_LANGUAGE_STANDARD = "gnu++0x";
				CLANG_CXX_LIBRARY = "libc++";
				CLANG_ENABLE_MODULES = YES;
				CLANG_ENABLE_OBJC_ARC = YES;
				CLANG_WARN_BOOL_CONVERSION = YES;
				CLANG_WARN_CONSTANT_CONVERSION = YES;
				CLANG_WARN_DIRECT_OBJC_ISA_USAGE = YES_ERROR;
				CLANG_WARN_DOCUMENTATION_COMMENTS = YES;
				CLANG_WARN_EMPTY_BODY = YES;
				CLANG_WARN_ENUM_CONVERSION = YES;
				CLANG_WARN_INFINITE_RECURSION = YES;
				CLANG_WARN_INT_CONVERSION = YES;
				CLANG_WARN_OBJC_ROOT_CLASS = YES_ERROR;
				CLANG_WARN_SUSPICIOUS_MOVE = YES;
				CLANG_WARN_UNREACHABLE_CODE = YES;
				CLANG_WARN__DUPLICATE_METHOD_MATCH = YES;
				"CODE_SIGN_IDENTITY[sdk=iphoneos*]" = "iPhone Developer";
				COPY_PHASE_STRIP = NO;
				DEBUG_INFORMATION_FORMAT = "dwarf-with-dsym";
				ENABLE_NS_ASSERTIONS = NO;
				ENABLE_STRICT_OBJC_MSGSEND = YES;
				GCC_C_LANGUAGE_STANDARD = gnu99;
				GCC_NO_COMMON_BLOCKS = YES;
				GCC_WARN_64_TO_32_BIT_CONVERSION = YES;
				GCC_WARN_ABOUT_RETURN_TYPE = YES_ERROR;
				GCC_WARN_UNDECLARED_SELECTOR = YES;
				GCC_WARN_UNINITIALIZED_AUTOS = YES_AGGRESSIVE;
				GCC_WARN_UNUSED_FUNCTION = YES;
				GCC_WARN_UNUSED_VARIABLE = YES;
				IPHONEOS_DEPLOYMENT_TARGET = 10.2;
				MTL_ENABLE_DEBUG_INFO = NO;
				SDKROOT = iphoneos;
				SWIFT_OPTIMIZATION_LEVEL = "-Owholemodule";
				TARGETED_DEVICE_FAMILY = "1,2";
				VALIDATE_PRODUCT = YES;
			};
			name = Release;
		};
		4F8D44301E3CF026006141F8 /* Debug */ = {
			isa = XCBuildConfiguration;
			buildSettings = {
				ASSETCATALOG_COMPILER_APPICON_NAME = AppIcon;
				INFOPLIST_FILE = ImageScrollView/Info.plist;
				LD_RUNPATH_SEARCH_PATHS = "$(inherited) @executable_path/Frameworks";
				PRODUCT_BUNDLE_IDENTIFIER = net.kN3TT3R.projects.ImageScrollView;
				PRODUCT_NAME = "$(TARGET_NAME)";
				SWIFT_VERSION = 3.0;
			};
			name = Debug;
		};
		4F8D44311E3CF026006141F8 /* Release */ = {
			isa = XCBuildConfiguration;
			buildSettings = {
				ASSETCATALOG_COMPILER_APPICON_NAME = AppIcon;
				INFOPLIST_FILE = ImageScrollView/Info.plist;
				LD_RUNPATH_SEARCH_PATHS = "$(inherited) @executable_path/Frameworks";
				PRODUCT_BUNDLE_IDENTIFIER = net.kN3TT3R.projects.ImageScrollView;
				PRODUCT_NAME = "$(TARGET_NAME)";
				SWIFT_VERSION = 3.0;
			};
			name = Release;
		};
		4F8D44331E3CF026006141F8 /* Debug */ = {
			isa = XCBuildConfiguration;
			buildSettings = {
				ALWAYS_EMBED_SWIFT_STANDARD_LIBRARIES = YES;
				BUNDLE_LOADER = "$(TEST_HOST)";
				INFOPLIST_FILE = ImageScrollViewTests/Info.plist;
				LD_RUNPATH_SEARCH_PATHS = "$(inherited) @executable_path/Frameworks @loader_path/Frameworks";
				PRODUCT_BUNDLE_IDENTIFIER = net.kN3TT3R.projects.ImageScrollViewTests;
				PRODUCT_NAME = "$(TARGET_NAME)";
				SWIFT_VERSION = 3.0;
				TEST_HOST = "$(BUILT_PRODUCTS_DIR)/ImageScrollView.app/ImageScrollView";
			};
			name = Debug;
		};
		4F8D44341E3CF026006141F8 /* Release */ = {
			isa = XCBuildConfiguration;
			buildSettings = {
				ALWAYS_EMBED_SWIFT_STANDARD_LIBRARIES = YES;
				BUNDLE_LOADER = "$(TEST_HOST)";
				INFOPLIST_FILE = ImageScrollViewTests/Info.plist;
				LD_RUNPATH_SEARCH_PATHS = "$(inherited) @executable_path/Frameworks @loader_path/Frameworks";
				PRODUCT_BUNDLE_IDENTIFIER = net.kN3TT3R.projects.ImageScrollViewTests;
				PRODUCT_NAME = "$(TARGET_NAME)";
				SWIFT_VERSION = 3.0;
				TEST_HOST = "$(BUILT_PRODUCTS_DIR)/ImageScrollView.app/ImageScrollView";
			};
			name = Release;
		};
		4F8D44361E3CF026006141F8 /* Debug */ = {
			isa = XCBuildConfiguration;
			buildSettings = {
				ALWAYS_EMBED_SWIFT_STANDARD_LIBRARIES = YES;
				INFOPLIST_FILE = ImageScrollViewUITests/Info.plist;
				LD_RUNPATH_SEARCH_PATHS = "$(inherited) @executable_path/Frameworks @loader_path/Frameworks";
				PRODUCT_BUNDLE_IDENTIFIER = net.kN3TT3R.projects.ImageScrollViewUITests;
				PRODUCT_NAME = "$(TARGET_NAME)";
				SWIFT_VERSION = 3.0;
				TEST_TARGET_NAME = ImageScrollView;
			};
			name = Debug;
		};
		4F8D44371E3CF026006141F8 /* Release */ = {
			isa = XCBuildConfiguration;
			buildSettings = {
				ALWAYS_EMBED_SWIFT_STANDARD_LIBRARIES = YES;
				INFOPLIST_FILE = ImageScrollViewUITests/Info.plist;
				LD_RUNPATH_SEARCH_PATHS = "$(inherited) @executable_path/Frameworks @loader_path/Frameworks";
				PRODUCT_BUNDLE_IDENTIFIER = net.kN3TT3R.projects.ImageScrollViewUITests;
				PRODUCT_NAME = "$(TARGET_NAME)";
				SWIFT_VERSION = 3.0;
				TEST_TARGET_NAME = ImageScrollView;
			};
			name = Release;
		};
/* End XCBuildConfiguration section */

/* Begin XCConfigurationList section */
		4F8D43FF1E3CF025006141F8 /* Build configuration list for PBXProject "ImageScrollView" */ = {
			isa = XCConfigurationList;
			buildConfigurations = (
				4F8D442D1E3CF026006141F8 /* Debug */,
				4F8D442E1E3CF026006141F8 /* Release */,
			);
			defaultConfigurationIsVisible = 0;
			defaultConfigurationName = Release;
		};
		4F8D442F1E3CF026006141F8 /* Build configuration list for PBXNativeTarget "ImageScrollView" */ = {
			isa = XCConfigurationList;
			buildConfigurations = (
				4F8D44301E3CF026006141F8 /* Debug */,
				4F8D44311E3CF026006141F8 /* Release */,
			);
			defaultConfigurationIsVisible = 0;
		};
		4F8D44321E3CF026006141F8 /* Build configuration list for PBXNativeTarget "ImageScrollViewTests" */ = {
			isa = XCConfigurationList;
			buildConfigurations = (
				4F8D44331E3CF026006141F8 /* Debug */,
				4F8D44341E3CF026006141F8 /* Release */,
			);
			defaultConfigurationIsVisible = 0;
		};
		4F8D44351E3CF026006141F8 /* Build configuration list for PBXNativeTarget "ImageScrollViewUITests" */ = {
			isa = XCConfigurationList;
			buildConfigurations = (
				4F8D44361E3CF026006141F8 /* Debug */,
				4F8D44371E3CF026006141F8 /* Release */,
			);
			defaultConfigurationIsVisible = 0;
		};
/* End XCConfigurationList section */

/* Begin XCVersionGroup section */
		4F8D440E1E3CF026006141F8 /* ImageScrollView.xcdatamodeld */ = {
			isa = XCVersionGroup;
			children = (
				4F8D440F1E3CF026006141F8 /* ImageScrollView.xcdatamodel */,
			);
			currentVersion = 4F8D440F1E3CF026006141F8 /* ImageScrollView.xcdatamodel */;
			path = ImageScrollView.xcdatamodeld;
			sourceTree = "<group>";
			versionGroupType = wrapper.xcdatamodel;
		};
/* End XCVersionGroup section */
	};
	rootObject = 4F8D43FC1E3CF025006141F8 /* Project object */;
}
